
Microsoft Visual Studio Solution File, Format Version 12.00
# Visual Studio Version 16
VisualStudioVersion = 16.0.810.21
MinimumVisualStudioVersion = 10.0.40219.1
Project("{FAE04EC0-301F-11D3-BF4B-00C04F79EFBC}") = "RomanNumerals", "RomanNumerals\RomanNumerals.csproj", "{A22925E9-C900-45D7-A22B-50EADB7DE810}"
EndProject
Global
	GlobalSection(SolutionConfigurationPlatforms) = preSolution
		Debug|Any CPU = Debug|Any CPU
		Release|Any CPU = Release|Any CPU
	EndGlobalSection
	GlobalSection(ProjectConfigurationPlatforms) = postSolution
		{A22925E9-C900-45D7-A22B-50EADB7DE810}.Debug|Any CPU.ActiveCfg = Debug|Any CPU
		{A22925E9-C900-45D7-A22B-50EADB7DE810}.Debug|Any CPU.Build.0 = Debug|Any CPU
		{A22925E9-C900-45D7-A22B-50EADB7DE810}.Release|Any CPU.ActiveCfg = Release|Any CPU
		{A22925E9-C900-45D7-A22B-50EADB7DE810}.Release|Any CPU.Build.0 = Release|Any CPU
	EndGlobalSection
	GlobalSection(SolutionProperties) = preSolution
		HideSolutionNode = FALSE
	EndGlobalSection
	GlobalSection(ExtensibilityGlobals) = postSolution
		SolutionGuid = {FA6888AD-C46A-4115-B4E4-6E8351DA91B9}
	EndGlobalSection
EndGlobal
